<?xml version="1.0" encoding="utf-8"?>
<Project ToolsVersion="4.0" xmlns="http://schemas.microsoft.com/developer/msbuild/2003">
  <ItemGroup>
    <Filter Include="소스 파일">
      <UniqueIdentifier>{4FC737F1-C7A5-4376-A066-2A32D752A2FF}</UniqueIdentifier>
      <Extensions>cpp;c;cc;cxx;c++;cppm;ixx;def;odl;idl;hpj;bat;asm;asmx</Extensions>
    </Filter>
    <Filter Include="헤더 파일">
      <UniqueIdentifier>{93995380-89BD-4b04-88EB-625FBE52EBFB}</UniqueIdentifier>
      <Extensions>h;hh;hpp;hxx;h++;hm;inl;inc;ipp;xsd</Extensions>
    </Filter>
    <Filter Include="리소스 파일">
      <UniqueIdentifier>{67DA6AB6-F800-4c08-8B7A-83BB121AAD01}</UniqueIdentifier>
      <Extensions>rc;ico;cur;bmp;dlg;rc2;rct;bin;rgs;gif;jpg;jpeg;jpe;resx;tiff;tif;png;wav;mfcribbon-ms</Extensions>
    </Filter>
    <Filter Include="헤더 파일\DataStructure">
      <UniqueIdentifier>{a85f8447-ca9e-446a-8c77-90e476ef0539}</UniqueIdentifier>
    </Filter>
    <Filter Include="소스 파일\DataStructure">
      <UniqueIdentifier>{f06e7bd9-054f-4f9e-8089-3bd51b6952bb}</UniqueIdentifier>
    </Filter>
    <Filter Include="소스 파일\NetworkLibrary">
      <UniqueIdentifier>{9c329823-8fa7-460a-b43e-e1bccca84d99}</UniqueIdentifier>
    </Filter>
    <Filter Include="소스 파일\System">
      <UniqueIdentifier>{9d90df3e-1172-4abf-ae25-65fcd6323f6d}</UniqueIdentifier>
    </Filter>
    <Filter Include="헤더 파일\NetworkLibrary">
      <UniqueIdentifier>{e0860112-2d55-4a2c-9ad9-42d0abe40890}</UniqueIdentifier>
    </Filter>
    <Filter Include="헤더 파일\System">
      <UniqueIdentifier>{e730de78-6bd1-489c-9112-23dc06929bbd}</UniqueIdentifier>
    </Filter>
  </ItemGroup>
  <ItemGroup>
    <ClInclude Include="CExceptClass.h">
      <Filter>헤더 파일\System</Filter>
    </ClInclude>
    <ClInclude Include="stdafx.h">
      <Filter>헤더 파일\System</Filter>
    </ClInclude>
    <ClInclude Include="CNewRingBuffer.h">
      <Filter>헤더 파일\DataStructure</Filter>
    </ClInclude>
    <ClInclude Include="Queue(LockFree).h">
      <Filter>헤더 파일\DataStructure</Filter>
    </ClInclude>
    <ClInclude Include="CCrashDumpClass.h">
      <Filter>헤더 파일\System</Filter>
    </ClInclude>
    <ClInclude Include="CMessage.h">
      <Filter>헤더 파일\NetworkLibrary</Filter>
    </ClInclude>
    <ClInclude Include="CNetWorkLibrary(MemoryPool).h">
      <Filter>헤더 파일\NetworkLibrary</Filter>
    </ClInclude>
    <ClInclude Include="CMemoryPool(LockFree)_TLS.h">
      <Filter>헤더 파일\DataStructure</Filter>
    </ClInclude>
    <ClInclude Include="CLog.h">
      <Filter>헤더 파일\System</Filter>
    </ClInclude>
    <ClInclude Include="MemoryPool(LockFree).h">
      <Filter>헤더 파일\DataStructure</Filter>
    </ClInclude>
    <ClInclude Include="Profiler(TLS).h">
      <Filter>헤더 파일\System</Filter>
    </ClInclude>
  </ItemGroup>
  <ItemGroup>
    <ClCompile Include="CCrashDump.cpp">
      <Filter>소스 파일\System</Filter>
    </ClCompile>
    <ClCompile Include="CExceptClass.cpp">
      <Filter>소스 파일\System</Filter>
    </ClCompile>
    <ClCompile Include="stdafx.cpp">
      <Filter>소스 파일\System</Filter>
    </ClCompile>
    <ClCompile Include="CMessage.cpp">
      <Filter>소스 파일\NetworkLibrary</Filter>
    </ClCompile>
    <ClCompile Include="CNewRingBuffer.cpp">
      <Filter>소스 파일\DataStructure</Filter>
    </ClCompile>
    <ClCompile Include="CNetWorkLibrary(MemoryPool).cpp">
      <Filter>소스 파일</Filter>
    </ClCompile>
    <ClCompile Include="Profiler(TLS).cpp">
      <Filter>소스 파일\System</Filter>
    </ClCompile>
  </ItemGroup>
</Project>